
Microsoft Visual Studio Solution File, Format Version 12.00
# Visual Studio Version 17
VisualStudioVersion = 17.7.34031.279
MinimumVisualStudioVersion = 10.0.40219.1
Project("{9A19103F-16F7-4668-BE54-9A1E7A4F7556}") = "PhoneBook", "PhoneBook\PhoneBook.csproj", "{D266D3E0-5CCB-4636-B560-522F12B977C7}"
EndProject
Project("{9A19103F-16F7-4668-BE54-9A1E7A4F7556}") = "Phonebook.Tests", "Phonebook.Tests\Phonebook.Tests.csproj", "{49E11AD1-B009-41EE-B96B-191EB2682076}"
EndProject
Project("{FAE04EC0-301F-11D3-BF4B-00C04F79EFBC}") = "PhoneBook.Tests.NSub", "PhoneBook.Tests.NSub\PhoneBook.Tests.NSub.csproj", "{3DEA6452-A4E8-4BD2-BAD1-541FE826F9E7}"
EndProject
Global
	GlobalSection(SolutionConfigurationPlatforms) = preSolution
		Debug|Any CPU = Debug|Any CPU
		Release|Any CPU = Release|Any CPU
	EndGlobalSection
	GlobalSection(ProjectConfigurationPlatforms) = postSolution
		{D266D3E0-5CCB-4636-B560-522F12B977C7}.Debug|Any CPU.ActiveCfg = Debug|Any CPU
		{D266D3E0-5CCB-4636-B560-522F12B977C7}.Debug|Any CPU.Build.0 = Debug|Any CPU
		{D266D3E0-5CCB-4636-B560-522F12B977C7}.Release|Any CPU.ActiveCfg = Release|Any CPU
		{D266D3E0-5CCB-4636-B560-522F12B977C7}.Release|Any CPU.Build.0 = Release|Any CPU
		{49E11AD1-B009-41EE-B96B-191EB2682076}.Debug|Any CPU.ActiveCfg = Debug|Any CPU
		{49E11AD1-B009-41EE-B96B-191EB2682076}.Debug|Any CPU.Build.0 = Debug|Any CPU
		{49E11AD1-B009-41EE-B96B-191EB2682076}.Release|Any CPU.ActiveCfg = Release|Any CPU
		{49E11AD1-B009-41EE-B96B-191EB2682076}.Release|Any CPU.Build.0 = Release|Any CPU
		{3DEA6452-A4E8-4BD2-BAD1-541FE826F9E7}.Debug|Any CPU.ActiveCfg = Debug|Any CPU
		{3DEA6452-A4E8-4BD2-BAD1-541FE826F9E7}.Debug|Any CPU.Build.0 = Debug|Any CPU
		{3DEA6452-A4E8-4BD2-BAD1-541FE826F9E7}.Release|Any CPU.ActiveCfg = Release|Any CPU
		{3DEA6452-A4E8-4BD2-BAD1-541FE826F9E7}.Release|Any CPU.Build.0 = Release|Any CPU
	EndGlobalSection
	GlobalSection(SolutionProperties) = preSolution
		HideSolutionNode = FALSE
	EndGlobalSection
	GlobalSection(ExtensibilityGlobals) = postSolution
		SolutionGuid = {A4365215-0840-4A19-A1C3-8CB70EF72CBF}
	EndGlobalSection
EndGlobal
