
Microsoft Visual Studio Solution File, Format Version 12.00
# Visual Studio Version 17
VisualStudioVersion = 17.7.34009.444
MinimumVisualStudioVersion = 10.0.40219.1
Project("{FAE04EC0-301F-11D3-BF4B-00C04F79EFBC}") = "aanmaken_interfaces", "aanmaken_interfaces\aanmaken_interfaces.csproj", "{8955F093-260A-4C37-B48C-8E681ABE9340}"
EndProject
Project("{FAE04EC0-301F-11D3-BF4B-00C04F79EFBC}") = "BetaalTerminal", "BetaalTerminal\BetaalTerminal.csproj", "{BB80C15F-F532-4E54-A739-B6F99D8BE3FE}"
EndProject
Project("{FAE04EC0-301F-11D3-BF4B-00C04F79EFBC}") = "TextEncrypter", "TextEncrypter\TextEncrypter.csproj", "{D49803EC-68F6-4908-AB7F-DCADCB4EBE26}"
EndProject
Global
	GlobalSection(SolutionConfigurationPlatforms) = preSolution
		Debug|Any CPU = Debug|Any CPU
		Release|Any CPU = Release|Any CPU
	EndGlobalSection
	GlobalSection(ProjectConfigurationPlatforms) = postSolution
		{8955F093-260A-4C37-B48C-8E681ABE9340}.Debug|Any CPU.ActiveCfg = Debug|Any CPU
		{8955F093-260A-4C37-B48C-8E681ABE9340}.Debug|Any CPU.Build.0 = Debug|Any CPU
		{8955F093-260A-4C37-B48C-8E681ABE9340}.Release|Any CPU.ActiveCfg = Release|Any CPU
		{8955F093-260A-4C37-B48C-8E681ABE9340}.Release|Any CPU.Build.0 = Release|Any CPU
		{BB80C15F-F532-4E54-A739-B6F99D8BE3FE}.Debug|Any CPU.ActiveCfg = Debug|Any CPU
		{BB80C15F-F532-4E54-A739-B6F99D8BE3FE}.Debug|Any CPU.Build.0 = Debug|Any CPU
		{BB80C15F-F532-4E54-A739-B6F99D8BE3FE}.Release|Any CPU.ActiveCfg = Release|Any CPU
		{BB80C15F-F532-4E54-A739-B6F99D8BE3FE}.Release|Any CPU.Build.0 = Release|Any CPU
		{D49803EC-68F6-4908-AB7F-DCADCB4EBE26}.Debug|Any CPU.ActiveCfg = Debug|Any CPU
		{D49803EC-68F6-4908-AB7F-DCADCB4EBE26}.Debug|Any CPU.Build.0 = Debug|Any CPU
		{D49803EC-68F6-4908-AB7F-DCADCB4EBE26}.Release|Any CPU.ActiveCfg = Release|Any CPU
		{D49803EC-68F6-4908-AB7F-DCADCB4EBE26}.Release|Any CPU.Build.0 = Release|Any CPU
	EndGlobalSection
	GlobalSection(SolutionProperties) = preSolution
		HideSolutionNode = FALSE
	EndGlobalSection
	GlobalSection(ExtensibilityGlobals) = postSolution
		SolutionGuid = {C2779EE6-5694-4E09-8455-3F10D88C974A}
	EndGlobalSection
EndGlobal
