
Microsoft Visual Studio Solution File, Format Version 12.00
# Visual Studio Version 17
VisualStudioVersion = 17.7.34031.279
MinimumVisualStudioVersion = 10.0.40219.1
Project("{9A19103F-16F7-4668-BE54-9A1E7A4F7556}") = "PersonAgeValidator", "PersonAgeValidator\PersonAgeValidator.csproj", "{31F21F66-2718-4145-91FA-327F69A8065C}"
EndProject
Project("{FAE04EC0-301F-11D3-BF4B-00C04F79EFBC}") = "PersonAgeValidator.Tests", "PersonAgeValidator.Tests\PersonAgeValidator.Tests.csproj", "{363CAFD3-5B12-480A-A518-3537FF7B3D2C}"
EndProject
Global
	GlobalSection(SolutionConfigurationPlatforms) = preSolution
		Debug|Any CPU = Debug|Any CPU
		Release|Any CPU = Release|Any CPU
	EndGlobalSection
	GlobalSection(ProjectConfigurationPlatforms) = postSolution
		{31F21F66-2718-4145-91FA-327F69A8065C}.Debug|Any CPU.ActiveCfg = Debug|Any CPU
		{31F21F66-2718-4145-91FA-327F69A8065C}.Debug|Any CPU.Build.0 = Debug|Any CPU
		{31F21F66-2718-4145-91FA-327F69A8065C}.Release|Any CPU.ActiveCfg = Release|Any CPU
		{31F21F66-2718-4145-91FA-327F69A8065C}.Release|Any CPU.Build.0 = Release|Any CPU
		{363CAFD3-5B12-480A-A518-3537FF7B3D2C}.Debug|Any CPU.ActiveCfg = Debug|Any CPU
		{363CAFD3-5B12-480A-A518-3537FF7B3D2C}.Debug|Any CPU.Build.0 = Debug|Any CPU
		{363CAFD3-5B12-480A-A518-3537FF7B3D2C}.Release|Any CPU.ActiveCfg = Release|Any CPU
		{363CAFD3-5B12-480A-A518-3537FF7B3D2C}.Release|Any CPU.Build.0 = Release|Any CPU
	EndGlobalSection
	GlobalSection(SolutionProperties) = preSolution
		HideSolutionNode = FALSE
	EndGlobalSection
	GlobalSection(ExtensibilityGlobals) = postSolution
		SolutionGuid = {8EB91045-5920-4F6C-AE96-490025BB7B1C}
	EndGlobalSection
EndGlobal
