
Microsoft Visual Studio Solution File, Format Version 12.00
# Visual Studio Version 17
VisualStudioVersion = 17.7.34221.43
MinimumVisualStudioVersion = 10.0.40219.1
Project("{9A19103F-16F7-4668-BE54-9A1E7A4F7556}") = "Todo", "Todo\Todo.csproj", "{7DCC7CE6-1A74-4D66-8A62-3B8487734161}"
EndProject
Project("{9A19103F-16F7-4668-BE54-9A1E7A4F7556}") = "BMI", "BMI\BMI.csproj", "{D2CCF128-A012-441C-BB2F-DA0A81FF8F2B}"
EndProject
Project("{FAE04EC0-301F-11D3-BF4B-00C04F79EFBC}") = "BMI.UITests", "BMI.UITests\BMI.UITests.csproj", "{B30E0261-8523-4F27-B5B7-F8B5D7E618B1}"
EndProject
Project("{FAE04EC0-301F-11D3-BF4B-00C04F79EFBC}") = "Todo.UITests", "Todo.UITests\Todo.UITests.csproj", "{866BB20A-83E3-47B5-803D-9C2BC29E9AB9}"
EndProject
Global
	GlobalSection(SolutionConfigurationPlatforms) = preSolution
		Debug|Any CPU = Debug|Any CPU
		Release|Any CPU = Release|Any CPU
	EndGlobalSection
	GlobalSection(ProjectConfigurationPlatforms) = postSolution
		{7DCC7CE6-1A74-4D66-8A62-3B8487734161}.Debug|Any CPU.ActiveCfg = Debug|Any CPU
		{7DCC7CE6-1A74-4D66-8A62-3B8487734161}.Debug|Any CPU.Build.0 = Debug|Any CPU
		{7DCC7CE6-1A74-4D66-8A62-3B8487734161}.Release|Any CPU.ActiveCfg = Release|Any CPU
		{7DCC7CE6-1A74-4D66-8A62-3B8487734161}.Release|Any CPU.Build.0 = Release|Any CPU
		{D2CCF128-A012-441C-BB2F-DA0A81FF8F2B}.Debug|Any CPU.ActiveCfg = Debug|Any CPU
		{D2CCF128-A012-441C-BB2F-DA0A81FF8F2B}.Debug|Any CPU.Build.0 = Debug|Any CPU
		{D2CCF128-A012-441C-BB2F-DA0A81FF8F2B}.Release|Any CPU.ActiveCfg = Release|Any CPU
		{D2CCF128-A012-441C-BB2F-DA0A81FF8F2B}.Release|Any CPU.Build.0 = Release|Any CPU
		{B30E0261-8523-4F27-B5B7-F8B5D7E618B1}.Debug|Any CPU.ActiveCfg = Debug|Any CPU
		{B30E0261-8523-4F27-B5B7-F8B5D7E618B1}.Debug|Any CPU.Build.0 = Debug|Any CPU
		{B30E0261-8523-4F27-B5B7-F8B5D7E618B1}.Release|Any CPU.ActiveCfg = Release|Any CPU
		{B30E0261-8523-4F27-B5B7-F8B5D7E618B1}.Release|Any CPU.Build.0 = Release|Any CPU
		{866BB20A-83E3-47B5-803D-9C2BC29E9AB9}.Debug|Any CPU.ActiveCfg = Debug|Any CPU
		{866BB20A-83E3-47B5-803D-9C2BC29E9AB9}.Debug|Any CPU.Build.0 = Debug|Any CPU
		{866BB20A-83E3-47B5-803D-9C2BC29E9AB9}.Release|Any CPU.ActiveCfg = Release|Any CPU
		{866BB20A-83E3-47B5-803D-9C2BC29E9AB9}.Release|Any CPU.Build.0 = Release|Any CPU
	EndGlobalSection
	GlobalSection(SolutionProperties) = preSolution
		HideSolutionNode = FALSE
	EndGlobalSection
	GlobalSection(ExtensibilityGlobals) = postSolution
		SolutionGuid = {8D0D8475-3882-4FFD-9929-A8D5359EFE88}
	EndGlobalSection
EndGlobal
