
Microsoft Visual Studio Solution File, Format Version 12.00
# Visual Studio Version 17
VisualStudioVersion = 17.7.34031.279
MinimumVisualStudioVersion = 10.0.40219.1
Project("{9A19103F-16F7-4668-BE54-9A1E7A4F7556}") = "Les3", "Les3\Les3.csproj", "{3EED65E0-B6EE-4D01-A473-34374CE532C5}"
EndProject
Project("{FAE04EC0-301F-11D3-BF4B-00C04F79EFBC}") = "Les3.Tests", "Les3.Tests\Les3.Tests.csproj", "{CC4EB0B2-50ED-4E70-9310-3B381EDDB483}"
EndProject
Global
	GlobalSection(SolutionConfigurationPlatforms) = preSolution
		Debug|Any CPU = Debug|Any CPU
		Release|Any CPU = Release|Any CPU
	EndGlobalSection
	GlobalSection(ProjectConfigurationPlatforms) = postSolution
		{3EED65E0-B6EE-4D01-A473-34374CE532C5}.Debug|Any CPU.ActiveCfg = Debug|Any CPU
		{3EED65E0-B6EE-4D01-A473-34374CE532C5}.Debug|Any CPU.Build.0 = Debug|Any CPU
		{3EED65E0-B6EE-4D01-A473-34374CE532C5}.Release|Any CPU.ActiveCfg = Release|Any CPU
		{3EED65E0-B6EE-4D01-A473-34374CE532C5}.Release|Any CPU.Build.0 = Release|Any CPU
		{CC4EB0B2-50ED-4E70-9310-3B381EDDB483}.Debug|Any CPU.ActiveCfg = Debug|Any CPU
		{CC4EB0B2-50ED-4E70-9310-3B381EDDB483}.Debug|Any CPU.Build.0 = Debug|Any CPU
		{CC4EB0B2-50ED-4E70-9310-3B381EDDB483}.Release|Any CPU.ActiveCfg = Release|Any CPU
		{CC4EB0B2-50ED-4E70-9310-3B381EDDB483}.Release|Any CPU.Build.0 = Release|Any CPU
	EndGlobalSection
	GlobalSection(SolutionProperties) = preSolution
		HideSolutionNode = FALSE
	EndGlobalSection
	GlobalSection(ExtensibilityGlobals) = postSolution
		SolutionGuid = {1BBE8972-60AB-4373-AB02-747E0F0BE991}
	EndGlobalSection
EndGlobal
